
Microsoft Visual Studio Solution File, Format Version 12.00
# Visual Studio Version 17
VisualStudioVersion = 17.12.35527.113 d17.12
MinimumVisualStudioVersion = 10.0.40219.1
Project("{FAE04EC0-301F-11D3-BF4B-00C04F79EFBC}") = "task1", "task1\task1.csproj", "{0E673DA6-8136-4513-A20D-5F87FA9C5C38}"
EndProject
Project("{FAE04EC0-301F-11D3-BF4B-00C04F79EFBC}") = "task2", "task2\task2.csproj", "{32BBB469-7389-4914-B5CE-BDFE3E3C1CDE}"
EndProject
Project("{FAE04EC0-301F-11D3-BF4B-00C04F79EFBC}") = "task3", "task3\task3.csproj", "{9A37CBCC-805B-49F9-86ED-775A6F0C55F4}"
EndProject
Project("{FAE04EC0-301F-11D3-BF4B-00C04F79EFBC}") = "task4", "task4\task4.csproj", "{8F2A42F6-A48F-42E4-BF5B-196C611AE1A1}"
EndProject
Project("{FAE04EC0-301F-11D3-BF4B-00C04F79EFBC}") = "task5", "task5\task5.csproj", "{3E726812-58F6-4118-BC1E-C96273A7A601}"
EndProject
Project("{FAE04EC0-301F-11D3-BF4B-00C04F79EFBC}") = "task6", "task6\task6.csproj", "{88953EB9-789A-4B52-B1DC-1A6D7559E5F4}"
EndProject
Global
	GlobalSection(SolutionConfigurationPlatforms) = preSolution
		Debug|Any CPU = Debug|Any CPU
		Release|Any CPU = Release|Any CPU
	EndGlobalSection
	GlobalSection(ProjectConfigurationPlatforms) = postSolution
		{0E673DA6-8136-4513-A20D-5F87FA9C5C38}.Debug|Any CPU.ActiveCfg = Debug|Any CPU
		{0E673DA6-8136-4513-A20D-5F87FA9C5C38}.Debug|Any CPU.Build.0 = Debug|Any CPU
		{0E673DA6-8136-4513-A20D-5F87FA9C5C38}.Release|Any CPU.ActiveCfg = Release|Any CPU
		{0E673DA6-8136-4513-A20D-5F87FA9C5C38}.Release|Any CPU.Build.0 = Release|Any CPU
		{32BBB469-7389-4914-B5CE-BDFE3E3C1CDE}.Debug|Any CPU.ActiveCfg = Debug|Any CPU
		{32BBB469-7389-4914-B5CE-BDFE3E3C1CDE}.Debug|Any CPU.Build.0 = Debug|Any CPU
		{32BBB469-7389-4914-B5CE-BDFE3E3C1CDE}.Release|Any CPU.ActiveCfg = Release|Any CPU
		{32BBB469-7389-4914-B5CE-BDFE3E3C1CDE}.Release|Any CPU.Build.0 = Release|Any CPU
		{9A37CBCC-805B-49F9-86ED-775A6F0C55F4}.Debug|Any CPU.ActiveCfg = Debug|Any CPU
		{9A37CBCC-805B-49F9-86ED-775A6F0C55F4}.Debug|Any CPU.Build.0 = Debug|Any CPU
		{9A37CBCC-805B-49F9-86ED-775A6F0C55F4}.Release|Any CPU.ActiveCfg = Release|Any CPU
		{9A37CBCC-805B-49F9-86ED-775A6F0C55F4}.Release|Any CPU.Build.0 = Release|Any CPU
		{8F2A42F6-A48F-42E4-BF5B-196C611AE1A1}.Debug|Any CPU.ActiveCfg = Debug|Any CPU
		{8F2A42F6-A48F-42E4-BF5B-196C611AE1A1}.Debug|Any CPU.Build.0 = Debug|Any CPU
		{8F2A42F6-A48F-42E4-BF5B-196C611AE1A1}.Release|Any CPU.ActiveCfg = Release|Any CPU
		{8F2A42F6-A48F-42E4-BF5B-196C611AE1A1}.Release|Any CPU.Build.0 = Release|Any CPU
		{3E726812-58F6-4118-BC1E-C96273A7A601}.Debug|Any CPU.ActiveCfg = Debug|Any CPU
		{3E726812-58F6-4118-BC1E-C96273A7A601}.Debug|Any CPU.Build.0 = Debug|Any CPU
		{3E726812-58F6-4118-BC1E-C96273A7A601}.Release|Any CPU.ActiveCfg = Release|Any CPU
		{3E726812-58F6-4118-BC1E-C96273A7A601}.Release|Any CPU.Build.0 = Release|Any CPU
		{88953EB9-789A-4B52-B1DC-1A6D7559E5F4}.Debug|Any CPU.ActiveCfg = Debug|Any CPU
		{88953EB9-789A-4B52-B1DC-1A6D7559E5F4}.Debug|Any CPU.Build.0 = Debug|Any CPU
		{88953EB9-789A-4B52-B1DC-1A6D7559E5F4}.Release|Any CPU.ActiveCfg = Release|Any CPU
		{88953EB9-789A-4B52-B1DC-1A6D7559E5F4}.Release|Any CPU.Build.0 = Release|Any CPU
	EndGlobalSection
	GlobalSection(SolutionProperties) = preSolution
		HideSolutionNode = FALSE
	EndGlobalSection
EndGlobal
